
Microsoft Visual Studio Solution File, Format Version 12.00
# Visual Studio Version 16
VisualStudioVersion = 16.0.29418.71
MinimumVisualStudioVersion = 10.0.40219.1
Project("{9A19103F-16F7-4668-BE54-9A1E7A4F7556}") = "LandmarkRemarkService", "LandmarkRemarkService.csproj", "{658DFD58-0770-4C4C-810D-B671EA9DA2C6}"
EndProject
Project("{FAE04EC0-301F-11D3-BF4B-00C04F79EFBC}") = "LandmarkRemarkServiceTests", "..\LandmarkRemarkServiceTests\LandmarkRemarkServiceTests.csproj", "{05FDEDCE-ED10-4BD6-9483-9182C737C762}"
EndProject
Global
	GlobalSection(SolutionConfigurationPlatforms) = preSolution
		Debug|Any CPU = Debug|Any CPU
		Release|Any CPU = Release|Any CPU
	EndGlobalSection
	GlobalSection(ProjectConfigurationPlatforms) = postSolution
		{658DFD58-0770-4C4C-810D-B671EA9DA2C6}.Debug|Any CPU.ActiveCfg = Debug|Any CPU
		{658DFD58-0770-4C4C-810D-B671EA9DA2C6}.Debug|Any CPU.Build.0 = Debug|Any CPU
		{658DFD58-0770-4C4C-810D-B671EA9DA2C6}.Release|Any CPU.ActiveCfg = Release|Any CPU
		{658DFD58-0770-4C4C-810D-B671EA9DA2C6}.Release|Any CPU.Build.0 = Release|Any CPU
		{05FDEDCE-ED10-4BD6-9483-9182C737C762}.Debug|Any CPU.ActiveCfg = Debug|Any CPU
		{05FDEDCE-ED10-4BD6-9483-9182C737C762}.Debug|Any CPU.Build.0 = Debug|Any CPU
		{05FDEDCE-ED10-4BD6-9483-9182C737C762}.Release|Any CPU.ActiveCfg = Release|Any CPU
		{05FDEDCE-ED10-4BD6-9483-9182C737C762}.Release|Any CPU.Build.0 = Release|Any CPU
	EndGlobalSection
	GlobalSection(SolutionProperties) = preSolution
		HideSolutionNode = FALSE
	EndGlobalSection
	GlobalSection(ExtensibilityGlobals) = postSolution
		SolutionGuid = {33D08270-CAE0-4A28-B744-8CF92C552801}
	EndGlobalSection
EndGlobal
